// !$*UTF8*$!
{
	archiveVersion = 1;
	classes = {
	};
	objectVersion = 46;
	objects = {

/* Begin PBXBuildFile section */
		6B14B99D1F60E403004A1C0D /* AppDelegate.swift in Sources */ = {isa = PBXBuildFile; fileRef = 6B14B99C1F60E403004A1C0D /* AppDelegate.swift */; };
		6B14B99F1F60E403004A1C0D /* ViewController.swift in Sources */ = {isa = PBXBuildFile; fileRef = 6B14B99E1F60E403004A1C0D /* ViewController.swift */; };
		6B14B9A21F60E403004A1C0D /* Main.storyboard in Resources */ = {isa = PBXBuildFile; fileRef = 6B14B9A01F60E403004A1C0D /* Main.storyboard */; };
		6B14B9A41F60E403004A1C0D /* Assets.xcassets in Resources */ = {isa = PBXBuildFile; fileRef = 6B14B9A31F60E403004A1C0D /* Assets.xcassets */; };
		6B14B9A71F60E403004A1C0D /* LaunchScreen.storyboard in Resources */ = {isa = PBXBuildFile; fileRef = 6B14B9A51F60E403004A1C0D /* LaunchScreen.storyboard */; };
		6B14B9B21F60E403004A1C0D /* pokedexTests.swift in Sources */ = {isa = PBXBuildFile; fileRef = 6B14B9B11F60E403004A1C0D /* pokedexTests.swift */; };
		6B14B9BD1F60E403004A1C0D /* pokedexUITests.swift in Sources */ = {isa = PBXBuildFile; fileRef = 6B14B9BC1F60E403004A1C0D /* pokedexUITests.swift */; };
/* End PBXBuildFile section */

/* Begin PBXContainerItemProxy section */
		6B14B9AE1F60E403004A1C0D /* PBXContainerItemProxy */ = {
			isa = PBXContainerItemProxy;
			containerPortal = 6B14B9911F60E403004A1C0D /* Project object */;
			proxyType = 1;
			remoteGlobalIDString = 6B14B9981F60E403004A1C0D;
			remoteInfo = pokedex;
		};
		6B14B9B91F60E403004A1C0D /* PBXContainerItemProxy */ = {
			isa = PBXContainerItemProxy;
			containerPortal = 6B14B9911F60E403004A1C0D /* Project object */;
			proxyType = 1;
			remoteGlobalIDString = 6B14B9981F60E403004A1C0D;
			remoteInfo = pokedex;
		};
/* End PBXContainerItemProxy section */

/* Begin PBXFileReference section */
		6B14B9991F60E403004A1C0D /* pokedex.app */ = {isa = PBXFileReference; explicitFileType = wrapper.application; includeInIndex = 0; path = pokedex.app; sourceTree = BUILT_PRODUCTS_DIR; };
		6B14B99C1F60E403004A1C0D /* AppDelegate.swift */ = {isa = PBXFileReference; lastKnownFileType = sourcecode.swift; path = AppDelegate.swift; sourceTree = "<group>"; };
		6B14B99E1F60E403004A1C0D /* ViewController.swift */ = {isa = PBXFileReference; lastKnownFileType = sourcecode.swift; path = ViewController.swift; sourceTree = "<group>"; };
		6B14B9A11F60E403004A1C0D /* Base */ = {isa = PBXFileReference; lastKnownFileType = file.storyboard; name = Base; path = Base.lproj/Main.storyboard; sourceTree = "<group>"; };
		6B14B9A31F60E403004A1C0D /* Assets.xcassets */ = {isa = PBXFileReference; lastKnownFileType = folder.assetcatalog; path = Assets.xcassets; sourceTree = "<group>"; };
		6B14B9A61F60E403004A1C0D /* Base */ = {isa = PBXFileReference; lastKnownFileType = file.storyboard; name = Base; path = Base.lproj/LaunchScreen.storyboard; sourceTree = "<group>"; };
		6B14B9A81F60E403004A1C0D /* Info.plist */ = {isa = PBXFileReference; lastKnownFileType = text.plist.xml; path = Info.plist; sourceTree = "<group>"; };
		6B14B9AD1F60E403004A1C0D /* pokedexTests.xctest */ = {isa = PBXFileReference; explicitFileType = wrapper.cfbundle; includeInIndex = 0; path = pokedexTests.xctest; sourceTree = BUILT_PRODUCTS_DIR; };
		6B14B9B11F60E403004A1C0D /* pokedexTests.swift */ = {isa = PBXFileReference; lastKnownFileType = sourcecode.swift; path = pokedexTests.swift; sourceTree = "<group>"; };
		6B14B9B31F60E403004A1C0D /* Info.plist */ = {isa = PBXFileReference; lastKnownFileType = text.plist.xml; path = Info.plist; sourceTree = "<group>"; };
		6B14B9B81F60E403004A1C0D /* pokedexUITests.xctest */ = {isa = PBXFileReference; explicitFileType = wrapper.cfbundle; includeInIndex = 0; path = pokedexUITests.xctest; sourceTree = BUILT_PRODUCTS_DIR; };
		6B14B9BC1F60E403004A1C0D /* pokedexUITests.swift */ = {isa = PBXFileReference; lastKnownFileType = sourcecode.swift; path = pokedexUITests.swift; sourceTree = "<group>"; };
		6B14B9BE1F60E403004A1C0D /* Info.plist */ = {isa = PBXFileReference; lastKnownFileType = text.plist.xml; path = Info.plist; sourceTree = "<group>"; };
/* End PBXFileReference section */

/* Begin PBXFrameworksBuildPhase section */
		6B14B9961F60E403004A1C0D /* Frameworks */ = {
			isa = PBXFrameworksBuildPhase;
			buildActionMask = 2147483647;
			files = (
			);
			runOnlyForDeploymentPostprocessing = 0;
		};
		6B14B9AA1F60E403004A1C0D /* Frameworks */ = {
			isa = PBXFrameworksBuildPhase;
			buildActionMask = 2147483647;
			files = (
			);
			runOnlyForDeploymentPostprocessing = 0;
		};
		6B14B9B51F60E403004A1C0D /* Frameworks */ = {
			isa = PBXFrameworksBuildPhase;
			buildActionMask = 2147483647;
			files = (
			);
			runOnlyForDeploymentPostprocessing = 0;
		};
/* End PBXFrameworksBuildPhase section */

/* Begin PBXGroup section */
		6B14B9901F60E403004A1C0D = {
			isa = PBXGroup;
			children = (
				6B14B99B1F60E403004A1C0D /* pokedex */,
				6B14B9B01F60E403004A1C0D /* pokedexTests */,
				6B14B9BB1F60E403004A1C0D /* pokedexUITests */,
				6B14B99A1F60E403004A1C0D /* Products */,
			);
			sourceTree = "<group>";
		};
		6B14B99A1F60E403004A1C0D /* Products */ = {
			isa = PBXGroup;
			children = (
				6B14B9991F60E403004A1C0D /* pokedex.app */,
				6B14B9AD1F60E403004A1C0D /* pokedexTests.xctest */,
				6B14B9B81F60E403004A1C0D /* pokedexUITests.xctest */,
			);
			name = Products;
			sourceTree = "<group>";
		};
		6B14B99B1F60E403004A1C0D /* pokedex */ = {
			isa = PBXGroup;
			children = (
				6B14B99C1F60E403004A1C0D /* AppDelegate.swift */,
				6B14B99E1F60E403004A1C0D /* ViewController.swift */,
				6B14B9A01F60E403004A1C0D /* Main.storyboard */,
				6B14B9A31F60E403004A1C0D /* Assets.xcassets */,
				6B14B9A51F60E403004A1C0D /* LaunchScreen.storyboard */,
				6B14B9A81F60E403004A1C0D /* Info.plist */,
			);
			path = pokedex;
			sourceTree = "<group>";
		};
		6B14B9B01F60E403004A1C0D /* pokedexTests */ = {
			isa = PBXGroup;
			children = (
				6B14B9B11F60E403004A1C0D /* pokedexTests.swift */,
				6B14B9B31F60E403004A1C0D /* Info.plist */,
			);
			path = pokedexTests;
			sourceTree = "<group>";
		};
		6B14B9BB1F60E403004A1C0D /* pokedexUITests */ = {
			isa = PBXGroup;
			children = (
				6B14B9BC1F60E403004A1C0D /* pokedexUITests.swift */,
				6B14B9BE1F60E403004A1C0D /* Info.plist */,
			);
			path = pokedexUITests;
			sourceTree = "<group>";
		};
/* End PBXGroup section */

/* Begin PBXNativeTarget section */
		6B14B9981F60E403004A1C0D /* pokedex */ = {
			isa = PBXNativeTarget;
			buildConfigurationList = 6B14B9C11F60E403004A1C0D /* Build configuration list for PBXNativeTarget "pokedex" */;
			buildPhases = (
				6B14B9951F60E403004A1C0D /* Sources */,
				6B14B9961F60E403004A1C0D /* Frameworks */,
				6B14B9971F60E403004A1C0D /* Resources */,
			);
			buildRules = (
			);
			dependencies = (
			);
			name = pokedex;
			productName = pokedex;
			productReference = 6B14B9991F60E403004A1C0D /* pokedex.app */;
			productType = "com.apple.product-type.application";
		};
		6B14B9AC1F60E403004A1C0D /* pokedexTests */ = {
			isa = PBXNativeTarget;
			buildConfigurationList = 6B14B9C41F60E403004A1C0D /* Build configuration list for PBXNativeTarget "pokedexTests" */;
			buildPhases = (
				6B14B9A91F60E403004A1C0D /* Sources */,
				6B14B9AA1F60E403004A1C0D /* Frameworks */,
				6B14B9AB1F60E403004A1C0D /* Resources */,
			);
			buildRules = (
			);
			dependencies = (
				6B14B9AF1F60E403004A1C0D /* PBXTargetDependency */,
			);
			name = pokedexTests;
			productName = pokedexTests;
			productReference = 6B14B9AD1F60E403004A1C0D /* pokedexTests.xctest */;
			productType = "com.apple.product-type.bundle.unit-test";
		};
		6B14B9B71F60E403004A1C0D /* pokedexUITests */ = {
			isa = PBXNativeTarget;
			buildConfigurationList = 6B14B9C71F60E403004A1C0D /* Build configuration list for PBXNativeTarget "pokedexUITests" */;
			buildPhases = (
				6B14B9B41F60E403004A1C0D /* Sources */,
				6B14B9B51F60E403004A1C0D /* Frameworks */,
				6B14B9B61F60E403004A1C0D /* Resources */,
			);
			buildRules = (
			);
			dependencies = (
				6B14B9BA1F60E403004A1C0D /* PBXTargetDependency */,
			);
			name = pokedexUITests;
			productName = pokedexUITests;
			productReference = 6B14B9B81F60E403004A1C0D /* pokedexUITests.xctest */;
			productType = "com.apple.product-type.bundle.ui-testing";
		};
/* End PBXNativeTarget section */

/* Begin PBXProject section */
		6B14B9911F60E403004A1C0D /* Project object */ = {
			isa = PBXProject;
			attributes = {
				LastSwiftUpdateCheck = 0830;
				LastUpgradeCheck = 0830;
				ORGANIZATIONNAME = "Different Software";
				TargetAttributes = {
					6B14B9981F60E403004A1C0D = {
						CreatedOnToolsVersion = 8.3.3;
						DevelopmentTeam = X4C5X25U9Q;
						ProvisioningStyle = Automatic;
					};
					6B14B9AC1F60E403004A1C0D = {
						CreatedOnToolsVersion = 8.3.3;
						DevelopmentTeam = X4C5X25U9Q;
						ProvisioningStyle = Automatic;
						TestTargetID = 6B14B9981F60E403004A1C0D;
					};
					6B14B9B71F60E403004A1C0D = {
						CreatedOnToolsVersion = 8.3.3;
						DevelopmentTeam = X4C5X25U9Q;
						ProvisioningStyle = Automatic;
						TestTargetID = 6B14B9981F60E403004A1C0D;
					};
				};
			};
			buildConfigurationList = 6B14B9941F60E403004A1C0D /* Build configuration list for PBXProject "pokedex" */;
			compatibilityVersion = "Xcode 3.2";
			developmentRegion = English;
			hasScannedForEncodings = 0;
			knownRegions = (
				en,
				Base,
			);
			mainGroup = 6B14B9901F60E403004A1C0D;
			productRefGroup = 6B14B99A1F60E403004A1C0D /* Products */;
			projectDirPath = "";
			projectRoot = "";
			targets = (
				6B14B9981F60E403004A1C0D /* pokedex */,
				6B14B9AC1F60E403004A1C0D /* pokedexTests */,
				6B14B9B71F60E403004A1C0D /* pokedexUITests */,
			);
		};
/* End PBXProject section */

/* Begin PBXResourcesBuildPhase section */
		6B14B9971F60E403004A1C0D /* Resources */ = {
			isa = PBXResourcesBuildPhase;
			buildActionMask = 2147483647;
			files = (
				6B14B9A71F60E403004A1C0D /* LaunchScreen.storyboard in Resources */,
				6B14B9A41F60E403004A1C0D /* Assets.xcassets in Resources */,
				6B14B9A21F60E403004A1C0D /* Main.storyboard in Resources */,
			);
			runOnlyForDeploymentPostprocessing = 0;
		};
		6B14B9AB1F60E403004A1C0D /* Resources */ = {
			isa = PBXResourcesBuildPhase;
			buildActionMask = 2147483647;
			files = (
			);
			runOnlyForDeploymentPostprocessing = 0;
		};
		6B14B9B61F60E403004A1C0D /* Resources */ = {
			isa = PBXResourcesBuildPhase;
			buildActionMask = 2147483647;
			files = (
			);
			runOnlyForDeploymentPostprocessing = 0;
		};
/* End PBXResourcesBuildPhase section */

/* Begin PBXSourcesBuildPhase section */
		6B14B9951F60E403004A1C0D /* Sources */ = {
			isa = PBXSourcesBuildPhase;
			buildActionMask = 2147483647;
			files = (
				6B14B99F1F60E403004A1C0D /* ViewController.swift in Sources */,
				6B14B99D1F60E403004A1C0D /* AppDelegate.swift in Sources */,
			);
			runOnlyForDeploymentPostprocessing = 0;
		};
		6B14B9A91F60E403004A1C0D /* Sources */ = {
			isa = PBXSourcesBuildPhase;
			buildActionMask = 2147483647;
			files = (
				6B14B9B21F60E403004A1C0D /* pokedexTests.swift in Sources */,
			);
			runOnlyForDeploymentPostprocessing = 0;
		};
		6B14B9B41F60E403004A1C0D /* Sources */ = {
			isa = PBXSourcesBuildPhase;
			buildActionMask = 2147483647;
			files = (
				6B14B9BD1F60E403004A1C0D /* pokedexUITests.swift in Sources */,
			);
			runOnlyForDeploymentPostprocessing = 0;
		};
/* End PBXSourcesBuildPhase section */

/* Begin PBXTargetDependency section */
		6B14B9AF1F60E403004A1C0D /* PBXTargetDependency */ = {
			isa = PBXTargetDependency;
			target = 6B14B9981F60E403004A1C0D /* pokedex */;
			targetProxy = 6B14B9AE1F60E403004A1C0D /* PBXContainerItemProxy */;
		};
		6B14B9BA1F60E403004A1C0D /* PBXTargetDependency */ = {
			isa = PBXTargetDependency;
			target = 6B14B9981F60E403004A1C0D /* pokedex */;
			targetProxy = 6B14B9B91F60E403004A1C0D /* PBXContainerItemProxy */;
		};
/* End PBXTargetDependency section */

/* Begin PBXVariantGroup section */
		6B14B9A01F60E403004A1C0D /* Main.storyboard */ = {
			isa = PBXVariantGroup;
			children = (
				6B14B9A11F60E403004A1C0D /* Base */,
			);
			name = Main.storyboard;
			sourceTree = "<group>";
		};
		6B14B9A51F60E403004A1C0D /* LaunchScreen.storyboard */ = {
			isa = PBXVariantGroup;
			children = (
				6B14B9A61F60E403004A1C0D /* Base */,
			);
			name = LaunchScreen.storyboard;
			sourceTree = "<group>";
		};
/* End PBXVariantGroup section */

/* Begin XCBuildConfiguration section */
		6B14B9BF1F60E403004A1C0D /* Debug */ = {
			isa = XCBuildConfiguration;
			buildSettings = {
				ALWAYS_SEARCH_USER_PATHS = NO;
				CLANG_ANALYZER_NONNULL = YES;
				CLANG_ANALYZER_NUMBER_OBJECT_CONVERSION = YES_AGGRESSIVE;
				CLANG_CXX_LANGUAGE_STANDARD = "gnu++0x";
				CLANG_CXX_LIBRARY = "libc++";
				CLANG_ENABLE_MODULES = YES;
				CLANG_ENABLE_OBJC_ARC = YES;
				CLANG_WARN_BOOL_CONVERSION = YES;
				CLANG_WARN_CONSTANT_CONVERSION = YES;
				CLANG_WARN_DIRECT_OBJC_ISA_USAGE = YES_ERROR;
				CLANG_WARN_DOCUMENTATION_COMMENTS = YES;
				CLANG_WARN_EMPTY_BODY = YES;
				CLANG_WARN_ENUM_CONVERSION = YES;
				CLANG_WARN_INFINITE_RECURSION = YES;
				CLANG_WARN_INT_CONVERSION = YES;
				CLANG_WARN_OBJC_ROOT_CLASS = YES_ERROR;
				CLANG_WARN_SUSPICIOUS_MOVE = YES;
				CLANG_WARN_UNREACHABLE_CODE = YES;
				CLANG_WARN__DUPLICATE_METHOD_MATCH = YES;
				"CODE_SIGN_IDENTITY[sdk=iphoneos*]" = "iPhone Developer";
				COPY_PHASE_STRIP = NO;
				DEBUG_INFORMATION_FORMAT = dwarf;
				ENABLE_STRICT_OBJC_MSGSEND = YES;
				ENABLE_TESTABILITY = YES;
				GCC_C_LANGUAGE_STANDARD = gnu99;
				GCC_DYNAMIC_NO_PIC = NO;
				GCC_NO_COMMON_BLOCKS = YES;
				GCC_OPTIMIZATION_LEVEL = 0;
				GCC_PREPROCESSOR_DEFINITIONS = (
					"DEBUG=1",
					"$(inherited)",
				);
				GCC_WARN_64_TO_32_BIT_CONVERSION = YES;
				GCC_WARN_ABOUT_RETURN_TYPE = YES_ERROR;
				GCC_WARN_UNDECLARED_SELECTOR = YES;
				GCC_WARN_UNINITIALIZED_AUTOS = YES_AGGRESSIVE;
				GCC_WARN_UNUSED_FUNCTION = YES;
				GCC_WARN_UNUSED_VARIABLE = YES;
				IPHONEOS_DEPLOYMENT_TARGET = 10.3;
				MTL_ENABLE_DEBUG_INFO = YES;
				ONLY_ACTIVE_ARCH = YES;
				SDKROOT = iphoneos;
				SWIFT_ACTIVE_COMPILATION_CONDITIONS = DEBUG;
				SWIFT_OPTIMIZATION_LEVEL = "-Onone";
			};
			name = Debug;
		};
		6B14B9C01F60E403004A1C0D /* Release */ = {
			isa = XCBuildConfiguration;
			buildSettings = {
				ALWAYS_SEARCH_USER_PATHS = NO;
				CLANG_ANALYZER_NONNULL = YES;
				CLANG_ANALYZER_NUMBER_OBJECT_CONVERSION = YES_AGGRESSIVE;
				CLANG_CXX_LANGUAGE_STANDARD = "gnu++0x";
				CLANG_CXX_LIBRARY = "libc++";
				CLANG_ENABLE_MODULES = YES;
				CLANG_ENABLE_OBJC_ARC = YES;
				CLANG_WARN_BOOL_CONVERSION = YES;
				CLANG_WARN_CONSTANT_CONVERSION = YES;
				CLANG_WARN_DIRECT_OBJC_ISA_USAGE = YES_ERROR;
				CLANG_WARN_DOCUMENTATION_COMMENTS = YES;
				CLANG_WARN_EMPTY_BODY = YES;
				CLANG_WARN_ENUM_CONVERSION = YES;
				CLANG_WARN_INFINITE_RECURSION = YES;
				CLANG_WARN_INT_CONVERSION = YES;
				CLANG_WARN_OBJC_ROOT_CLASS = YES_ERROR;
				CLANG_WARN_SUSPICIOUS_MOVE = YES;
				CLANG_WARN_UNREACHABLE_CODE = YES;
				CLANG_WARN__DUPLICATE_METHOD_MATCH = YES;
				"CODE_SIGN_IDENTITY[sdk=iphoneos*]" = "iPhone Developer";
				COPY_PHASE_STRIP = NO;
				DEBUG_INFORMATION_FORMAT = "dwarf-with-dsym";
				ENABLE_NS_ASSERTIONS = NO;
				ENABLE_STRICT_OBJC_MSGSEND = YES;
				GCC_C_LANGUAGE_STANDARD = gnu99;
				GCC_NO_COMMON_BLOCKS = YES;
				GCC_WARN_64_TO_32_BIT_CONVERSION = YES;
				GCC_WARN_ABOUT_RETURN_TYPE = YES_ERROR;
				GCC_WARN_UNDECLARED_SELECTOR = YES;
				GCC_WARN_UNINITIALIZED_AUTOS = YES_AGGRESSIVE;
				GCC_WARN_UNUSED_FUNCTION = YES;
				GCC_WARN_UNUSED_VARIABLE = YES;
				IPHONEOS_DEPLOYMENT_TARGET = 10.3;
				MTL_ENABLE_DEBUG_INFO = NO;
				SDKROOT = iphoneos;
				SWIFT_OPTIMIZATION_LEVEL = "-Owholemodule";
				VALIDATE_PRODUCT = YES;
			};
			name = Release;
		};
		6B14B9C21F60E403004A1C0D /* Debug */ = {
			isa = XCBuildConfiguration;
			buildSettings = {
				ASSETCATALOG_COMPILER_APPICON_NAME = AppIcon;
				DEVELOPMENT_TEAM = X4C5X25U9Q;
				INFOPLIST_FILE = pokedex/Info.plist;
				LD_RUNPATH_SEARCH_PATHS = "$(inherited) @executable_path/Frameworks";
				PRODUCT_BUNDLE_IDENTIFIER = its.pokedex;
				PRODUCT_NAME = "$(TARGET_NAME)";
				SWIFT_VERSION = 3.0;
			};
			name = Debug;
		};
		6B14B9C31F60E403004A1C0D /* Release */ = {
			isa = XCBuildConfiguration;
			buildSettings = {
				ASSETCATALOG_COMPILER_APPICON_NAME = AppIcon;
				DEVELOPMENT_TEAM = X4C5X25U9Q;
				INFOPLIST_FILE = pokedex/Info.plist;
				LD_RUNPATH_SEARCH_PATHS = "$(inherited) @executable_path/Frameworks";
				PRODUCT_BUNDLE_IDENTIFIER = its.pokedex;
				PRODUCT_NAME = "$(TARGET_NAME)";
				SWIFT_VERSION = 3.0;
			};
			name = Release;
		};
		6B14B9C51F60E403004A1C0D /* Debug */ = {
			isa = XCBuildConfiguration;
			buildSettings = {
				ALWAYS_EMBED_SWIFT_STANDARD_LIBRARIES = YES;
				BUNDLE_LOADER = "$(TEST_HOST)";
				DEVELOPMENT_TEAM = X4C5X25U9Q;
				INFOPLIST_FILE = pokedexTests/Info.plist;
				LD_RUNPATH_SEARCH_PATHS = "$(inherited) @executable_path/Frameworks @loader_path/Frameworks";
				PRODUCT_BUNDLE_IDENTIFIER = its.pokedexTests;
				PRODUCT_NAME = "$(TARGET_NAME)";
				SWIFT_VERSION = 3.0;
				TEST_HOST = "$(BUILT_PRODUCTS_DIR)/pokedex.app/pokedex";
			};
			name = Debug;
		};
		6B14B9C61F60E403004A1C0D /* Release */ = {
			isa = XCBuildConfiguration;
			buildSettings = {
				ALWAYS_EMBED_SWIFT_STANDARD_LIBRARIES = YES;
				BUNDLE_LOADER = "$(TEST_HOST)";
				DEVELOPMENT_TEAM = X4C5X25U9Q;
				INFOPLIST_FILE = pokedexTests/Info.plist;
				LD_RUNPATH_SEARCH_PATHS = "$(inherited) @executable_path/Frameworks @loader_path/Frameworks";
				PRODUCT_BUNDLE_IDENTIFIER = its.pokedexTests;
				PRODUCT_NAME = "$(TARGET_NAME)";
				SWIFT_VERSION = 3.0;
				TEST_HOST = "$(BUILT_PRODUCTS_DIR)/pokedex.app/pokedex";
			};
			name = Release;
		};
		6B14B9C81F60E403004A1C0D /* Debug */ = {
			isa = XCBuildConfiguration;
			buildSettings = {
				ALWAYS_EMBED_SWIFT_STANDARD_LIBRARIES = YES;
				DEVELOPMENT_TEAM = X4C5X25U9Q;
				INFOPLIST_FILE = pokedexUITests/Info.plist;
				LD_RUNPATH_SEARCH_PATHS = "$(inherited) @executable_path/Frameworks @loader_path/Frameworks";
				PRODUCT_BUNDLE_IDENTIFIER = its.pokedexUITests;
				PRODUCT_NAME = "$(TARGET_NAME)";
				SWIFT_VERSION = 3.0;
				TEST_TARGET_NAME = pokedex;
			};
			name = Debug;
		};
		6B14B9C91F60E403004A1C0D /* Release */ = {
			isa = XCBuildConfiguration;
			buildSettings = {
				ALWAYS_EMBED_SWIFT_STANDARD_LIBRARIES = YES;
				DEVELOPMENT_TEAM = X4C5X25U9Q;
				INFOPLIST_FILE = pokedexUITests/Info.plist;
				LD_RUNPATH_SEARCH_PATHS = "$(inherited) @executable_path/Frameworks @loader_path/Frameworks";
				PRODUCT_BUNDLE_IDENTIFIER = its.pokedexUITests;
				PRODUCT_NAME = "$(TARGET_NAME)";
				SWIFT_VERSION = 3.0;
				TEST_TARGET_NAME = pokedex;
			};
			name = Release;
		};
/* End XCBuildConfiguration section */

/* Begin XCConfigurationList section */
		6B14B9941F60E403004A1C0D /* Build configuration list for PBXProject "pokedex" */ = {
			isa = XCConfigurationList;
			buildConfigurations = (
				6B14B9BF1F60E403004A1C0D /* Debug */,
				6B14B9C01F60E403004A1C0D /* Release */,
			);
			defaultConfigurationIsVisible = 0;
			defaultConfigurationName = Release;
		};
		6B14B9C11F60E403004A1C0D /* Build configuration list for PBXNativeTarget "pokedex" */ = {
			isa = XCConfigurationList;
			buildConfigurations = (
				6B14B9C21F60E403004A1C0D /* Debug */,
				6B14B9C31F60E403004A1C0D /* Release */,
			);
			defaultConfigurationIsVisible = 0;
		};
		6B14B9C41F60E403004A1C0D /* Build configuration list for PBXNativeTarget "pokedexTests" */ = {
			isa = XCConfigurationList;
			buildConfigurations = (
				6B14B9C51F60E403004A1C0D /* Debug */,
				6B14B9C61F60E403004A1C0D /* Release */,
			);
			defaultConfigurationIsVisible = 0;
		};
		6B14B9C71F60E403004A1C0D /* Build configuration list for PBXNativeTarget "pokedexUITests" */ = {
			isa = XCConfigurationList;
			buildConfigurations = (
				6B14B9C81F60E403004A1C0D /* Debug */,
				6B14B9C91F60E403004A1C0D /* Release */,
			);
			defaultConfigurationIsVisible = 0;
		};
/* End XCConfigurationList section */
	};
	rootObject = 6B14B9911F60E403004A1C0D /* Project object */;
}
